Microsoft Visual Studio Solution File, Format Version 11.00
# Visual Studio 2010
Project("{FAE04EC0-301F-11D3-BF4B-00C04F79EFBC}") = "Assembly-CSharp", "Assembly-CSharp.csproj", "{A9CECC5D-8914-D6CD-32B4-29C79636A542}"
EndProject
Project("{FAE04EC0-301F-11D3-BF4B-00C04F79EFBC}") = "Assembly-CSharp-firstpass", "Assembly-CSharp-firstpass.csproj", "{71B8DBDF-36C0-4B24-B110-687FA970B70D}"
EndProject
Project("{FAE04EC0-301F-11D3-BF4B-00C04F79EFBC}") = "Assembly-CSharp-Editor-firstpass", "Assembly-CSharp-Editor-firstpass.csproj", "{313A9AA2-9CAD-ECD7-0A97-195A60E4E5AA}"
EndProject
Global
	GlobalSection(SolutionConfigurationPlatforms) = preSolution
		Debug|Any CPU = Debug|Any CPU
		Release|Any CPU = Release|Any CPU
	EndGlobalSection
	GlobalSection(ProjectConfigurationPlatforms) = postSolution
		{A9CECC5D-8914-D6CD-32B4-29C79636A542}.Debug|Any CPU.ActiveCfg = Debug|Any CPU
		{A9CECC5D-8914-D6CD-32B4-29C79636A542}.Debug|Any CPU.Build.0 = Debug|Any CPU
		{A9CECC5D-8914-D6CD-32B4-29C79636A542}.Release|Any CPU.ActiveCfg = Release|Any CPU
		{A9CECC5D-8914-D6CD-32B4-29C79636A542}.Release|Any CPU.Build.0 = Release|Any CPU
		{71B8DBDF-36C0-4B24-B110-687FA970B70D}.Debug|Any CPU.ActiveCfg = Debug|Any CPU
		{71B8DBDF-36C0-4B24-B110-687FA970B70D}.Debug|Any CPU.Build.0 = Debug|Any CPU
		{71B8DBDF-36C0-4B24-B110-687FA970B70D}.Release|Any CPU.ActiveCfg = Release|Any CPU
		{71B8DBDF-36C0-4B24-B110-687FA970B70D}.Release|Any CPU.Build.0 = Release|Any CPU
		{313A9AA2-9CAD-ECD7-0A97-195A60E4E5AA}.Debug|Any CPU.ActiveCfg = Debug|Any CPU
		{313A9AA2-9CAD-ECD7-0A97-195A60E4E5AA}.Debug|Any CPU.Build.0 = Debug|Any CPU
		{313A9AA2-9CAD-ECD7-0A97-195A60E4E5AA}.Release|Any CPU.ActiveCfg = Release|Any CPU
		{313A9AA2-9CAD-ECD7-0A97-195A60E4E5AA}.Release|Any CPU.Build.0 = Release|Any CPU
	EndGlobalSection
	GlobalSection(SolutionProperties) = preSolution
		HideSolutionNode = FALSE
	EndGlobalSection
	GlobalSection(MonoDevelopProperties) = preSolution
		StartupItem = Assembly-CSharp.csproj
	EndGlobalSection
EndGlobal
