Microsoft Visual Studio Solution File, Format Version 11.00
# Visual Studio 2010
Project("{FAE04EC0-301F-11D3-BF4B-00C04F79EFBC}") = "Assembly-CSharp", "Assembly-CSharp.csproj", "{77482FD2-CA8F-D6FE-0C2A-674FFBC5E41E}"
EndProject
Project("{FAE04EC0-301F-11D3-BF4B-00C04F79EFBC}") = "Assembly-CSharp-firstpass", "Assembly-CSharp-firstpass.csproj", "{B221925D-120A-2419-AF1E-5F2F396789F8}"
EndProject
Project("{FAE04EC0-301F-11D3-BF4B-00C04F79EFBC}") = "Assembly-CSharp-Editor-firstpass", "Assembly-CSharp-Editor-firstpass.csproj", "{EDB5BFA8-E241-054F-CD6A-7144FE6B2986}"
EndProject
Global
	GlobalSection(SolutionConfigurationPlatforms) = preSolution
		Debug|Any CPU = Debug|Any CPU
		Release|Any CPU = Release|Any CPU
	EndGlobalSection
	GlobalSection(ProjectConfigurationPlatforms) = postSolution
		{77482FD2-CA8F-D6FE-0C2A-674FFBC5E41E}.Debug|Any CPU.ActiveCfg = Debug|Any CPU
		{77482FD2-CA8F-D6FE-0C2A-674FFBC5E41E}.Debug|Any CPU.Build.0 = Debug|Any CPU
		{77482FD2-CA8F-D6FE-0C2A-674FFBC5E41E}.Release|Any CPU.ActiveCfg = Release|Any CPU
		{77482FD2-CA8F-D6FE-0C2A-674FFBC5E41E}.Release|Any CPU.Build.0 = Release|Any CPU
		{B221925D-120A-2419-AF1E-5F2F396789F8}.Debug|Any CPU.ActiveCfg = Debug|Any CPU
		{B221925D-120A-2419-AF1E-5F2F396789F8}.Debug|Any CPU.Build.0 = Debug|Any CPU
		{B221925D-120A-2419-AF1E-5F2F396789F8}.Release|Any CPU.ActiveCfg = Release|Any CPU
		{B221925D-120A-2419-AF1E-5F2F396789F8}.Release|Any CPU.Build.0 = Release|Any CPU
		{EDB5BFA8-E241-054F-CD6A-7144FE6B2986}.Debug|Any CPU.ActiveCfg = Debug|Any CPU
		{EDB5BFA8-E241-054F-CD6A-7144FE6B2986}.Debug|Any CPU.Build.0 = Debug|Any CPU
		{EDB5BFA8-E241-054F-CD6A-7144FE6B2986}.Release|Any CPU.ActiveCfg = Release|Any CPU
		{EDB5BFA8-E241-054F-CD6A-7144FE6B2986}.Release|Any CPU.Build.0 = Release|Any CPU
	EndGlobalSection
	GlobalSection(SolutionProperties) = preSolution
		HideSolutionNode = FALSE
	EndGlobalSection
	GlobalSection(MonoDevelopProperties) = preSolution
		StartupItem = Assembly-CSharp.csproj
	EndGlobalSection
EndGlobal
